// !$*UTF8*$!
{
	archiveVersion = 1;
	classes = {
	};
	objectVersion = 46;
	objects = {

/* Begin PBXBuildFile section */
		511FBC2E1AB7741000BFC694 /* MenuIcon@3x.png in Resources */ = {isa = PBXBuildFile; fileRef = 511FBC2B1AB7741000BFC694 /* MenuIcon@3x.png */; };
		511FBC2F1AB7741000BFC694 /* MenuIcon@2x.png in Resources */ = {isa = PBXBuildFile; fileRef = 511FBC2C1AB7741000BFC694 /* MenuIcon@2x.png */; };
		511FBC301AB7741000BFC694 /* MenuIcon.png in Resources */ = {isa = PBXBuildFile; fileRef = 511FBC2D1AB7741000BFC694 /* MenuIcon.png */; };
		511FBC341AB774AE00BFC694 /* LampIcon@3x.png in Resources */ = {isa = PBXBuildFile; fileRef = 511FBC311AB774AE00BFC694 /* LampIcon@3x.png */; };
		511FBC351AB774AE00BFC694 /* LampIcon@2x.png in Resources */ = {isa = PBXBuildFile; fileRef = 511FBC321AB774AE00BFC694 /* LampIcon@2x.png */; };
		511FBC361AB774AE00BFC694 /* LampIcon.png in Resources */ = {isa = PBXBuildFile; fileRef = 511FBC331AB774AE00BFC694 /* LampIcon.png */; };
		511FBC3A1AB7832A00BFC694 /* SadCloud@3x.png in Resources */ = {isa = PBXBuildFile; fileRef = 511FBC371AB7832A00BFC694 /* SadCloud@3x.png */; };
		511FBC3B1AB7832A00BFC694 /* SadCloud@2x.png in Resources */ = {isa = PBXBuildFile; fileRef = 511FBC381AB7832A00BFC694 /* SadCloud@2x.png */; };
		511FBC3C1AB7832A00BFC694 /* SadCloud.png in Resources */ = {isa = PBXBuildFile; fileRef = 511FBC391AB7832A00BFC694 /* SadCloud.png */; };
		511FBC401AB7833600BFC694 /* HappyCloud@3x.png in Resources */ = {isa = PBXBuildFile; fileRef = 511FBC3D1AB7833600BFC694 /* HappyCloud@3x.png */; };
		511FBC411AB7833600BFC694 /* HappyCloud@2x.png in Resources */ = {isa = PBXBuildFile; fileRef = 511FBC3E1AB7833600BFC694 /* HappyCloud@2x.png */; };
		511FBC421AB7833600BFC694 /* HappyCloud.png in Resources */ = {isa = PBXBuildFile; fileRef = 511FBC3F1AB7833600BFC694 /* HappyCloud.png */; };
		511FBC461AB7834000BFC694 /* BigCloud@3x.png in Resources */ = {isa = PBXBuildFile; fileRef = 511FBC431AB7834000BFC694 /* BigCloud@3x.png */; };
		511FBC471AB7834000BFC694 /* BigCloud@2x.png in Resources */ = {isa = PBXBuildFile; fileRef = 511FBC441AB7834000BFC694 /* BigCloud@2x.png */; };
		511FBC481AB7834000BFC694 /* BigCloud.png in Resources */ = {isa = PBXBuildFile; fileRef = 511FBC451AB7834000BFC694 /* BigCloud.png */; };
		51F5989E1AB89F3700148DEE /* SendButton@3x.png in Resources */ = {isa = PBXBuildFile; fileRef = 51F5989B1AB89F3700148DEE /* SendButton@3x.png */; };
		51F5989F1AB89F3700148DEE /* SendButton@2x.png in Resources */ = {isa = PBXBuildFile; fileRef = 51F5989C1AB89F3700148DEE /* SendButton@2x.png */; };
		51F598A01AB89F3700148DEE /* SendButton.png in Resources */ = {isa = PBXBuildFile; fileRef = 51F5989D1AB89F3700148DEE /* SendButton.png */; };
		51F598B31AB8AE4600148DEE /* SadPressedButton@3x.png in Resources */ = {isa = PBXBuildFile; fileRef = 51F598A41AB8AE4600148DEE /* SadPressedButton@3x.png */; };
		51F598B41AB8AE4600148DEE /* SadPressedButton@2x.png in Resources */ = {isa = PBXBuildFile; fileRef = 51F598A51AB8AE4600148DEE /* SadPressedButton@2x.png */; };
		51F598B51AB8AE4600148DEE /* SadPressedButton.png in Resources */ = {isa = PBXBuildFile; fileRef = 51F598A61AB8AE4600148DEE /* SadPressedButton.png */; };
		51F598B61AB8AE4600148DEE /* HappyUpCloud2@3x.png in Resources */ = {isa = PBXBuildFile; fileRef = 51F598A71AB8AE4600148DEE /* HappyUpCloud2@3x.png */; };
		51F598B71AB8AE4600148DEE /* HappyUpCloud2@2x.png in Resources */ = {isa = PBXBuildFile; fileRef = 51F598A81AB8AE4600148DEE /* HappyUpCloud2@2x.png */; };
		51F598B81AB8AE4600148DEE /* HappyUpCloud2.png in Resources */ = {isa = PBXBuildFile; fileRef = 51F598A91AB8AE4600148DEE /* HappyUpCloud2.png */; };
		51F598BC1AB8AE4600148DEE /* HappyPressedButton@3x.png in Resources */ = {isa = PBXBuildFile; fileRef = 51F598AD1AB8AE4600148DEE /* HappyPressedButton@3x.png */; };
		51F598BD1AB8AE4600148DEE /* HappyPressedButton@2x.png in Resources */ = {isa = PBXBuildFile; fileRef = 51F598AE1AB8AE4600148DEE /* HappyPressedButton@2x.png */; };
		51F598BE1AB8AE4600148DEE /* HappyPressedButton.png in Resources */ = {isa = PBXBuildFile; fileRef = 51F598AF1AB8AE4600148DEE /* HappyPressedButton.png */; };
		51F598C21AB8AEDE00148DEE /* NoShadowCloud@3x.png in Resources */ = {isa = PBXBuildFile; fileRef = 51F598BF1AB8AEDE00148DEE /* NoShadowCloud@3x.png */; };
		51F598C31AB8AEDE00148DEE /* NoShadowCloud@2x.png in Resources */ = {isa = PBXBuildFile; fileRef = 51F598C01AB8AEDE00148DEE /* NoShadowCloud@2x.png */; };
		51F598C41AB8AEDE00148DEE /* NoShadowCloud.png in Resources */ = {isa = PBXBuildFile; fileRef = 51F598C11AB8AEDE00148DEE /* NoShadowCloud.png */; };
		51F598CA1AB8E50E00148DEE /* HappyUpCloud1@3x.png in Resources */ = {isa = PBXBuildFile; fileRef = 51F598C71AB8E50E00148DEE /* HappyUpCloud1@3x.png */; };
		51F598CB1AB8E50E00148DEE /* HappyUpCloud1@2x.png in Resources */ = {isa = PBXBuildFile; fileRef = 51F598C81AB8E50E00148DEE /* HappyUpCloud1@2x.png */; };
		51F598CC1AB8E50E00148DEE /* HappyUpCloud1.png in Resources */ = {isa = PBXBuildFile; fileRef = 51F598C91AB8E50E00148DEE /* HappyUpCloud1.png */; };
		51F598D01AB8E94F00148DEE /* SendPressedButton@3x.png in Resources */ = {isa = PBXBuildFile; fileRef = 51F598CD1AB8E94F00148DEE /* SendPressedButton@3x.png */; };
		51F598D11AB8E94F00148DEE /* SendPressedButton@2x.png in Resources */ = {isa = PBXBuildFile; fileRef = 51F598CE1AB8E94F00148DEE /* SendPressedButton@2x.png */; };
		51F598D21AB8E94F00148DEE /* SendPressedButton.png in Resources */ = {isa = PBXBuildFile; fileRef = 51F598CF1AB8E94F00148DEE /* SendPressedButton.png */; };
		948382E81AB86BD100204542 /* LoginController.swift in Sources */ = {isa = PBXBuildFile; fileRef = 948382E71AB86BD100204542 /* LoginController.swift */; };
		948382EF1AB86C7700204542 /* LoginButton.png in Resources */ = {isa = PBXBuildFile; fileRef = 948382E91AB86C7700204542 /* LoginButton.png */; };
		948382F01AB86C7700204542 /* LoginButton@2x.png in Resources */ = {isa = PBXBuildFile; fileRef = 948382EA1AB86C7700204542 /* LoginButton@2x.png */; };
		948382F11AB86C7700204542 /* LoginButton@3x.png in Resources */ = {isa = PBXBuildFile; fileRef = 948382EB1AB86C7700204542 /* LoginButton@3x.png */; };
		948382F21AB86C7700204542 /* Logo.png in Resources */ = {isa = PBXBuildFile; fileRef = 948382EC1AB86C7700204542 /* Logo.png */; };
		948382F31AB86C7700204542 /* Logo@2x.png in Resources */ = {isa = PBXBuildFile; fileRef = 948382ED1AB86C7700204542 /* Logo@2x.png */; };
		948382F41AB86C7700204542 /* Logo@3x.png in Resources */ = {isa = PBXBuildFile; fileRef = 948382EE1AB86C7700204542 /* Logo@3x.png */; };
		94B1F3411AB32884000E74E4 /* AddIdeaController.swift in Sources */ = {isa = PBXBuildFile; fileRef = 94B1F3401AB32884000E74E4 /* AddIdeaController.swift */; };
		94B369EA1AB78D1800A20AB3 /* CustomCell.xib in Resources */ = {isa = PBXBuildFile; fileRef = 94B369E81AB78D1800A20AB3 /* CustomCell.xib */; };
		94BF551E1AB22A3A00DA5CC0 /* AppDelegate.swift in Sources */ = {isa = PBXBuildFile; fileRef = 94BF551D1AB22A3A00DA5CC0 /* AppDelegate.swift */; };
		94BF55201AB22A3A00DA5CC0 /* ViewController.swift in Sources */ = {isa = PBXBuildFile; fileRef = 94BF551F1AB22A3A00DA5CC0 /* ViewController.swift */; };
		94BF55251AB22A3A00DA5CC0 /* Images.xcassets in Resources */ = {isa = PBXBuildFile; fileRef = 94BF55241AB22A3A00DA5CC0 /* Images.xcassets */; };
		94BF55281AB22A3A00DA5CC0 /* LaunchScreen.xib in Resources */ = {isa = PBXBuildFile; fileRef = 94BF55261AB22A3A00DA5CC0 /* LaunchScreen.xib */; };
		94BF55341AB22A3A00DA5CC0 /* WeMagineTests.swift in Sources */ = {isa = PBXBuildFile; fileRef = 94BF55331AB22A3A00DA5CC0 /* WeMagineTests.swift */; };
		94BF554C1AB2322000DA5CC0 /* Cloud.png in Resources */ = {isa = PBXBuildFile; fileRef = 94BF553D1AB2322000DA5CC0 /* Cloud.png */; };
		94BF554D1AB2322000DA5CC0 /* Cloud@2x.png in Resources */ = {isa = PBXBuildFile; fileRef = 94BF553E1AB2322000DA5CC0 /* Cloud@2x.png */; };
		94BF554E1AB2322000DA5CC0 /* Cloud@3x.png in Resources */ = {isa = PBXBuildFile; fileRef = 94BF553F1AB2322000DA5CC0 /* Cloud@3x.png */; };
		94BF554F1AB2322000DA5CC0 /* HappyCloudButton.png in Resources */ = {isa = PBXBuildFile; fileRef = 94BF55401AB2322000DA5CC0 /* HappyCloudButton.png */; };
		94BF55501AB2322000DA5CC0 /* HappyCloudButton@2x.png in Resources */ = {isa = PBXBuildFile; fileRef = 94BF55411AB2322000DA5CC0 /* HappyCloudButton@2x.png */; };
		94BF55511AB2322000DA5CC0 /* HappyCloudButton@3x.png in Resources */ = {isa = PBXBuildFile; fileRef = 94BF55421AB2322000DA5CC0 /* HappyCloudButton@3x.png */; };
		94BF55581AB2322000DA5CC0 /* SadCloudButton.png in Resources */ = {isa = PBXBuildFile; fileRef = 94BF55491AB2322000DA5CC0 /* SadCloudButton.png */; };
		94BF55591AB2322000DA5CC0 /* SadCloudButton@2x.png in Resources */ = {isa = PBXBuildFile; fileRef = 94BF554A1AB2322000DA5CC0 /* SadCloudButton@2x.png */; };
		94BF555A1AB2322000DA5CC0 /* SadCloudButton@3x.png in Resources */ = {isa = PBXBuildFile; fileRef = 94BF554B1AB2322000DA5CC0 /* SadCloudButton@3x.png */; };
		94D7F0921AB613D600D7642E /* MySharedIdeas.swift in Sources */ = {isa = PBXBuildFile; fileRef = 94D7F0911AB613D600D7642E /* MySharedIdeas.swift */; };
		94F4928A1AB7985F0052FAB4 /* CustomCell.swift in Sources */ = {isa = PBXBuildFile; fileRef = 94F492891AB7985F0052FAB4 /* CustomCell.swift */; };
		94F4928D1AB7A2550052FAB4 /* BigCloud.swift in Sources */ = {isa = PBXBuildFile; fileRef = 94F4928B1AB7A2550052FAB4 /* BigCloud.swift */; };
		94F4928E1AB7A2550052FAB4 /* BigCloud.xib in Resources */ = {isa = PBXBuildFile; fileRef = 94F4928C1AB7A2550052FAB4 /* BigCloud.xib */; };
/* End PBXBuildFile section */

/* Begin PBXContainerItemProxy section */
		94BF552E1AB22A3A00DA5CC0 /* PBXContainerItemProxy */ = {
			isa = PBXContainerItemProxy;
			containerPortal = 94BF55101AB22A3A00DA5CC0 /* Project object */;
			proxyType = 1;
			remoteGlobalIDString = 94BF55171AB22A3A00DA5CC0;
			remoteInfo = WeMagine;
		};
/* End PBXContainerItemProxy section */

/* Begin PBXFileReference section */
		511FBC2B1AB7741000BFC694 /* MenuIcon@3x.png */ = {isa = PBXFileReference; lastKnownFileType = image.png; path = "MenuIcon@3x.png"; sourceTree = "<group>"; };
		511FBC2C1AB7741000BFC694 /* MenuIcon@2x.png */ = {isa = PBXFileReference; lastKnownFileType = image.png; path = "MenuIcon@2x.png"; sourceTree = "<group>"; };
		511FBC2D1AB7741000BFC694 /* MenuIcon.png */ = {isa = PBXFileReference; lastKnownFileType = image.png; path = MenuIcon.png; sourceTree = "<group>"; };
		511FBC311AB774AE00BFC694 /* LampIcon@3x.png */ = {isa = PBXFileReference; lastKnownFileType = image.png; path = "LampIcon@3x.png"; sourceTree = "<group>"; };
		511FBC321AB774AE00BFC694 /* LampIcon@2x.png */ = {isa = PBXFileReference; lastKnownFileType = image.png; path = "LampIcon@2x.png"; sourceTree = "<group>"; };
		511FBC331AB774AE00BFC694 /* LampIcon.png */ = {isa = PBXFileReference; lastKnownFileType = image.png; path = LampIcon.png; sourceTree = "<group>"; };
		511FBC371AB7832A00BFC694 /* SadCloud@3x.png */ = {isa = PBXFileReference; lastKnownFileType = image.png; path = "SadCloud@3x.png"; sourceTree = "<group>"; };
		511FBC381AB7832A00BFC694 /* SadCloud@2x.png */ = {isa = PBXFileReference; lastKnownFileType = image.png; path = "SadCloud@2x.png"; sourceTree = "<group>"; };
		511FBC391AB7832A00BFC694 /* SadCloud.png */ = {isa = PBXFileReference; lastKnownFileType = image.png; path = SadCloud.png; sourceTree = "<group>"; };
		511FBC3D1AB7833600BFC694 /* HappyCloud@3x.png */ = {isa = PBXFileReference; lastKnownFileType = image.png; path = "HappyCloud@3x.png"; sourceTree = "<group>"; };
		511FBC3E1AB7833600BFC694 /* HappyCloud@2x.png */ = {isa = PBXFileReference; lastKnownFileType = image.png; path = "HappyCloud@2x.png"; sourceTree = "<group>"; };
		511FBC3F1AB7833600BFC694 /* HappyCloud.png */ = {isa = PBXFileReference; lastKnownFileType = image.png; path = HappyCloud.png; sourceTree = "<group>"; };
		511FBC431AB7834000BFC694 /* BigCloud@3x.png */ = {isa = PBXFileReference; lastKnownFileType = image.png; path = "BigCloud@3x.png"; sourceTree = "<group>"; };
		511FBC441AB7834000BFC694 /* BigCloud@2x.png */ = {isa = PBXFileReference; lastKnownFileType = image.png; path = "BigCloud@2x.png"; sourceTree = "<group>"; };
		511FBC451AB7834000BFC694 /* BigCloud.png */ = {isa = PBXFileReference; lastKnownFileType = image.png; path = BigCloud.png; sourceTree = "<group>"; };
		51F5989B1AB89F3700148DEE /* SendButton@3x.png */ = {isa = PBXFileReference; lastKnownFileType = image.png; path = "SendButton@3x.png"; sourceTree = "<group>"; };
		51F5989C1AB89F3700148DEE /* SendButton@2x.png */ = {isa = PBXFileReference; lastKnownFileType = image.png; path = "SendButton@2x.png"; sourceTree = "<group>"; };
		51F5989D1AB89F3700148DEE /* SendButton.png */ = {isa = PBXFileReference; lastKnownFileType = image.png; path = SendButton.png; sourceTree = "<group>"; };
		51F598A41AB8AE4600148DEE /* SadPressedButton@3x.png */ = {isa = PBXFileReference; lastKnownFileType = image.png; path = "SadPressedButton@3x.png"; sourceTree = "<group>"; };
		51F598A51AB8AE4600148DEE /* SadPressedButton@2x.png */ = {isa = PBXFileReference; lastKnownFileType = image.png; path = "SadPressedButton@2x.png"; sourceTree = "<group>"; };
		51F598A61AB8AE4600148DEE /* SadPressedButton.png */ = {isa = PBXFileReference; lastKnownFileType = image.png; path = SadPressedButton.png; sourceTree = "<group>"; };
		51F598A71AB8AE4600148DEE /* HappyUpCloud2@3x.png */ = {isa = PBXFileReference; lastKnownFileType = image.png; path = "HappyUpCloud2@3x.png"; sourceTree = "<group>"; };
		51F598A81AB8AE4600148DEE /* HappyUpCloud2@2x.png */ = {isa = PBXFileReference; lastKnownFileType = image.png; path = "HappyUpCloud2@2x.png"; sourceTree = "<group>"; };
		51F598A91AB8AE4600148DEE /* HappyUpCloud2.png */ = {isa = PBXFileReference; lastKnownFileType = image.png; path = HappyUpCloud2.png; sourceTree = "<group>"; };
		51F598AD1AB8AE4600148DEE /* HappyPressedButton@3x.png */ = {isa = PBXFileReference; lastKnownFileType = image.png; path = "HappyPressedButton@3x.png"; sourceTree = "<group>"; };
		51F598AE1AB8AE4600148DEE /* HappyPressedButton@2x.png */ = {isa = PBXFileReference; lastKnownFileType = image.png; path = "HappyPressedButton@2x.png"; sourceTree = "<group>"; };
		51F598AF1AB8AE4600148DEE /* HappyPressedButton.png */ = {isa = PBXFileReference; lastKnownFileType = image.png; path = HappyPressedButton.png; sourceTree = "<group>"; };
		51F598BF1AB8AEDE00148DEE /* NoShadowCloud@3x.png */ = {isa = PBXFileReference; lastKnownFileType = image.png; path = "NoShadowCloud@3x.png"; sourceTree = "<group>"; };
		51F598C01AB8AEDE00148DEE /* NoShadowCloud@2x.png */ = {isa = PBXFileReference; lastKnownFileType = image.png; path = "NoShadowCloud@2x.png"; sourceTree = "<group>"; };
		51F598C11AB8AEDE00148DEE /* NoShadowCloud.png */ = {isa = PBXFileReference; lastKnownFileType = image.png; path = NoShadowCloud.png; sourceTree = "<group>"; };
		51F598C71AB8E50E00148DEE /* HappyUpCloud1@3x.png */ = {isa = PBXFileReference; lastKnownFileType = image.png; path = "HappyUpCloud1@3x.png"; sourceTree = "<group>"; };
		51F598C81AB8E50E00148DEE /* HappyUpCloud1@2x.png */ = {isa = PBXFileReference; lastKnownFileType = image.png; path = "HappyUpCloud1@2x.png"; sourceTree = "<group>"; };
		51F598C91AB8E50E00148DEE /* HappyUpCloud1.png */ = {isa = PBXFileReference; lastKnownFileType = image.png; path = HappyUpCloud1.png; sourceTree = "<group>"; };
		51F598CD1AB8E94F00148DEE /* SendPressedButton@3x.png */ = {isa = PBXFileReference; lastKnownFileType = image.png; path = "SendPressedButton@3x.png"; sourceTree = "<group>"; };
		51F598CE1AB8E94F00148DEE /* SendPressedButton@2x.png */ = {isa = PBXFileReference; lastKnownFileType = image.png; path = "SendPressedButton@2x.png"; sourceTree = "<group>"; };
		51F598CF1AB8E94F00148DEE /* SendPressedButton.png */ = {isa = PBXFileReference; lastKnownFileType = image.png; path = SendPressedButton.png; sourceTree = "<group>"; };
		948382E71AB86BD100204542 /* LoginController.swift */ = {isa = PBXFileReference; fileEncoding = 4; lastKnownFileType = sourcecode.swift; path = LoginController.swift; sourceTree = "<group>"; };
		948382E91AB86C7700204542 /* LoginButton.png */ = {isa = PBXFileReference; lastKnownFileType = image.png; path = LoginButton.png; sourceTree = "<group>"; };
		948382EA1AB86C7700204542 /* LoginButton@2x.png */ = {isa = PBXFileReference; lastKnownFileType = image.png; path = "LoginButton@2x.png"; sourceTree = "<group>"; };
		948382EB1AB86C7700204542 /* LoginButton@3x.png */ = {isa = PBXFileReference; lastKnownFileType = image.png; path = "LoginButton@3x.png"; sourceTree = "<group>"; };
		948382EC1AB86C7700204542 /* Logo.png */ = {isa = PBXFileReference; lastKnownFileType = image.png; path = Logo.png; sourceTree = "<group>"; };
		948382ED1AB86C7700204542 /* Logo@2x.png */ = {isa = PBXFileReference; lastKnownFileType = image.png; path = "Logo@2x.png"; sourceTree = "<group>"; };
		948382EE1AB86C7700204542 /* Logo@3x.png */ = {isa = PBXFileReference; lastKnownFileType = image.png; path = "Logo@3x.png"; sourceTree = "<group>"; };
		94B1F3401AB32884000E74E4 /* AddIdeaController.swift */ = {isa = PBXFileReference; fileEncoding = 4; lastKnownFileType = sourcecode.swift; path = AddIdeaController.swift; sourceTree = "<group>"; };
		94B369E81AB78D1800A20AB3 /* CustomCell.xib */ = {isa = PBXFileReference; fileEncoding = 4; lastKnownFileType = file.xib; path = CustomCell.xib; sourceTree = "<group>"; };
		94BF55181AB22A3A00DA5CC0 /* WeMagine.app */ = {isa = PBXFileReference; explicitFileType = wrapper.application; includeInIndex = 0; path = WeMagine.app; sourceTree = BUILT_PRODUCTS_DIR; };
		94BF551C1AB22A3A00DA5CC0 /* Info.plist */ = {isa = PBXFileReference; lastKnownFileType = text.plist.xml; path = Info.plist; sourceTree = "<group>"; };
		94BF551D1AB22A3A00DA5CC0 /* AppDelegate.swift */ = {isa = PBXFileReference; lastKnownFileType = sourcecode.swift; path = AppDelegate.swift; sourceTree = "<group>"; };
		94BF551F1AB22A3A00DA5CC0 /* ViewController.swift */ = {isa = PBXFileReference; lastKnownFileType = sourcecode.swift; path = ViewController.swift; sourceTree = "<group>"; };
		94BF55241AB22A3A00DA5CC0 /* Images.xcassets */ = {isa = PBXFileReference; lastKnownFileType = folder.assetcatalog; path = Images.xcassets; sourceTree = "<group>"; };
		94BF55271AB22A3A00DA5CC0 /* Base */ = {isa = PBXFileReference; lastKnownFileType = file.xib; name = Base; path = Base.lproj/LaunchScreen.xib; sourceTree = "<group>"; };
		94BF552D1AB22A3A00DA5CC0 /* WeMagineTests.xctest */ = {isa = PBXFileReference; explicitFileType = wrapper.cfbundle; includeInIndex = 0; path = WeMagineTests.xctest; sourceTree = BUILT_PRODUCTS_DIR; };
		94BF55321AB22A3A00DA5CC0 /* Info.plist */ = {isa = PBXFileReference; lastKnownFileType = text.plist.xml; path = Info.plist; sourceTree = "<group>"; };
		94BF55331AB22A3A00DA5CC0 /* WeMagineTests.swift */ = {isa = PBXFileReference; lastKnownFileType = sourcecode.swift; path = WeMagineTests.swift; sourceTree = "<group>"; };
		94BF553D1AB2322000DA5CC0 /* Cloud.png */ = {isa = PBXFileReference; lastKnownFileType = image.png; path = Cloud.png; sourceTree = "<group>"; };
		94BF553E1AB2322000DA5CC0 /* Cloud@2x.png */ = {isa = PBXFileReference; lastKnownFileType = image.png; path = "Cloud@2x.png"; sourceTree = "<group>"; };
		94BF553F1AB2322000DA5CC0 /* Cloud@3x.png */ = {isa = PBXFileReference; lastKnownFileType = image.png; path = "Cloud@3x.png"; sourceTree = "<group>"; };
		94BF55401AB2322000DA5CC0 /* HappyCloudButton.png */ = {isa = PBXFileReference; lastKnownFileType = image.png; path = HappyCloudButton.png; sourceTree = "<group>"; };
		94BF55411AB2322000DA5CC0 /* HappyCloudButton@2x.png */ = {isa = PBXFileReference; lastKnownFileType = image.png; path = "HappyCloudButton@2x.png"; sourceTree = "<group>"; };
		94BF55421AB2322000DA5CC0 /* HappyCloudButton@3x.png */ = {isa = PBXFileReference; lastKnownFileType = image.png; path = "HappyCloudButton@3x.png"; sourceTree = "<group>"; };
		94BF55491AB2322000DA5CC0 /* SadCloudButton.png */ = {isa = PBXFileReference; lastKnownFileType = image.png; path = SadCloudButton.png; sourceTree = "<group>"; };
		94BF554A1AB2322000DA5CC0 /* SadCloudButton@2x.png */ = {isa = PBXFileReference; lastKnownFileType = image.png; path = "SadCloudButton@2x.png"; sourceTree = "<group>"; };
		94BF554B1AB2322000DA5CC0 /* SadCloudButton@3x.png */ = {isa = PBXFileReference; lastKnownFileType = image.png; path = "SadCloudButton@3x.png"; sourceTree = "<group>"; };
		94D7F0911AB613D600D7642E /* MySharedIdeas.swift */ = {isa = PBXFileReference; fileEncoding = 4; lastKnownFileType = sourcecode.swift; path = MySharedIdeas.swift; sourceTree = "<group>"; };
		94F492891AB7985F0052FAB4 /* CustomCell.swift */ = {isa = PBXFileReference; fileEncoding = 4; lastKnownFileType = sourcecode.swift; path = CustomCell.swift; sourceTree = "<group>"; };
		94F4928B1AB7A2550052FAB4 /* BigCloud.swift */ = {isa = PBXFileReference; fileEncoding = 4; lastKnownFileType = sourcecode.swift; path = BigCloud.swift; sourceTree = "<group>"; };
		94F4928C1AB7A2550052FAB4 /* BigCloud.xib */ = {isa = PBXFileReference; fileEncoding = 4; lastKnownFileType = file.xib; path = BigCloud.xib; sourceTree = "<group>"; };
/* End PBXFileReference section */

/* Begin PBXFrameworksBuildPhase section */
		94BF55151AB22A3A00DA5CC0 /* Frameworks */ = {
			isa = PBXFrameworksBuildPhase;
			buildActionMask = 2147483647;
			files = (
			);
			runOnlyForDeploymentPostprocessing = 0;
		};
		94BF552A1AB22A3A00DA5CC0 /* Frameworks */ = {
			isa = PBXFrameworksBuildPhase;
			buildActionMask = 2147483647;
			files = (
			);
			runOnlyForDeploymentPostprocessing = 0;
		};
/* End PBXFrameworksBuildPhase section */

/* Begin PBXGroup section */
		94BF550F1AB22A3A00DA5CC0 = {
			isa = PBXGroup;
			children = (
				94BF551A1AB22A3A00DA5CC0 /* WeMagine */,
				94BF55301AB22A3A00DA5CC0 /* WeMagineTests */,
				94BF55191AB22A3A00DA5CC0 /* Products */,
			);
			sourceTree = "<group>";
		};
		94BF55191AB22A3A00DA5CC0 /* Products */ = {
			isa = PBXGroup;
			children = (
				94BF55181AB22A3A00DA5CC0 /* WeMagine.app */,
				94BF552D1AB22A3A00DA5CC0 /* WeMagineTests.xctest */,
			);
			name = Products;
			sourceTree = "<group>";
		};
		94BF551A1AB22A3A00DA5CC0 /* WeMagine */ = {
			isa = PBXGroup;
			children = (
				94BF555B1AB2322500DA5CC0 /* Images */,
				94BF551D1AB22A3A00DA5CC0 /* AppDelegate.swift */,
				948382E71AB86BD100204542 /* LoginController.swift */,
				94BF551F1AB22A3A00DA5CC0 /* ViewController.swift */,
				94B1F3401AB32884000E74E4 /* AddIdeaController.swift */,
				94D7F0911AB613D600D7642E /* MySharedIdeas.swift */,
				94F492891AB7985F0052FAB4 /* CustomCell.swift */,
				94B369E81AB78D1800A20AB3 /* CustomCell.xib */,
				94F4928B1AB7A2550052FAB4 /* BigCloud.swift */,
				94F4928C1AB7A2550052FAB4 /* BigCloud.xib */,
				94BF55241AB22A3A00DA5CC0 /* Images.xcassets */,
				94BF55261AB22A3A00DA5CC0 /* LaunchScreen.xib */,
				94BF551B1AB22A3A00DA5CC0 /* Supporting Files */,
			);
			path = WeMagine;
			sourceTree = "<group>";
		};
		94BF551B1AB22A3A00DA5CC0 /* Supporting Files */ = {
			isa = PBXGroup;
			children = (
				94BF551C1AB22A3A00DA5CC0 /* Info.plist */,
			);
			name = "Supporting Files";
			sourceTree = "<group>";
		};
		94BF55301AB22A3A00DA5CC0 /* WeMagineTests */ = {
			isa = PBXGroup;
			children = (
				94BF55331AB22A3A00DA5CC0 /* WeMagineTests.swift */,
				94BF55311AB22A3A00DA5CC0 /* Supporting Files */,
			);
			path = WeMagineTests;
			sourceTree = "<group>";
		};
		94BF55311AB22A3A00DA5CC0 /* Supporting Files */ = {
			isa = PBXGroup;
			children = (
				94BF55321AB22A3A00DA5CC0 /* Info.plist */,
			);
			name = "Supporting Files";
			sourceTree = "<group>";
		};
		94BF555B1AB2322500DA5CC0 /* Images */ = {
			isa = PBXGroup;
			children = (
				51F598CD1AB8E94F00148DEE /* SendPressedButton@3x.png */,
				51F598CE1AB8E94F00148DEE /* SendPressedButton@2x.png */,
				51F598CF1AB8E94F00148DEE /* SendPressedButton.png */,
				51F598C71AB8E50E00148DEE /* HappyUpCloud1@3x.png */,
				51F598C81AB8E50E00148DEE /* HappyUpCloud1@2x.png */,
				51F598C91AB8E50E00148DEE /* HappyUpCloud1.png */,
				51F598BF1AB8AEDE00148DEE /* NoShadowCloud@3x.png */,
				51F598C01AB8AEDE00148DEE /* NoShadowCloud@2x.png */,
				51F598C11AB8AEDE00148DEE /* NoShadowCloud.png */,
				51F598A41AB8AE4600148DEE /* SadPressedButton@3x.png */,
				51F598A51AB8AE4600148DEE /* SadPressedButton@2x.png */,
				51F598A61AB8AE4600148DEE /* SadPressedButton.png */,
				51F598A71AB8AE4600148DEE /* HappyUpCloud2@3x.png */,
				51F598A81AB8AE4600148DEE /* HappyUpCloud2@2x.png */,
				51F598A91AB8AE4600148DEE /* HappyUpCloud2.png */,
				51F598AD1AB8AE4600148DEE /* HappyPressedButton@3x.png */,
				51F598AE1AB8AE4600148DEE /* HappyPressedButton@2x.png */,
				51F598AF1AB8AE4600148DEE /* HappyPressedButton.png */,
				51F5989B1AB89F3700148DEE /* SendButton@3x.png */,
				51F5989C1AB89F3700148DEE /* SendButton@2x.png */,
				51F5989D1AB89F3700148DEE /* SendButton.png */,
				948382E91AB86C7700204542 /* LoginButton.png */,
				948382EA1AB86C7700204542 /* LoginButton@2x.png */,
				948382EB1AB86C7700204542 /* LoginButton@3x.png */,
				948382EC1AB86C7700204542 /* Logo.png */,
				948382ED1AB86C7700204542 /* Logo@2x.png */,
				948382EE1AB86C7700204542 /* Logo@3x.png */,
				511FBC431AB7834000BFC694 /* BigCloud@3x.png */,
				511FBC441AB7834000BFC694 /* BigCloud@2x.png */,
				511FBC451AB7834000BFC694 /* BigCloud.png */,
				511FBC3D1AB7833600BFC694 /* HappyCloud@3x.png */,
				511FBC3E1AB7833600BFC694 /* HappyCloud@2x.png */,
				511FBC3F1AB7833600BFC694 /* HappyCloud.png */,
				511FBC371AB7832A00BFC694 /* SadCloud@3x.png */,
				511FBC381AB7832A00BFC694 /* SadCloud@2x.png */,
				511FBC391AB7832A00BFC694 /* SadCloud.png */,
				511FBC311AB774AE00BFC694 /* LampIcon@3x.png */,
				511FBC321AB774AE00BFC694 /* LampIcon@2x.png */,
				511FBC331AB774AE00BFC694 /* LampIcon.png */,
				511FBC2B1AB7741000BFC694 /* MenuIcon@3x.png */,
				511FBC2C1AB7741000BFC694 /* MenuIcon@2x.png */,
				511FBC2D1AB7741000BFC694 /* MenuIcon.png */,
				94BF553D1AB2322000DA5CC0 /* Cloud.png */,
				94BF553E1AB2322000DA5CC0 /* Cloud@2x.png */,
				94BF553F1AB2322000DA5CC0 /* Cloud@3x.png */,
				94BF55401AB2322000DA5CC0 /* HappyCloudButton.png */,
				94BF55411AB2322000DA5CC0 /* HappyCloudButton@2x.png */,
				94BF55421AB2322000DA5CC0 /* HappyCloudButton@3x.png */,
				94BF55491AB2322000DA5CC0 /* SadCloudButton.png */,
				94BF554A1AB2322000DA5CC0 /* SadCloudButton@2x.png */,
				94BF554B1AB2322000DA5CC0 /* SadCloudButton@3x.png */,
			);
			name = Images;
			sourceTree = "<group>";
		};
/* End PBXGroup section */

/* Begin PBXNativeTarget section */
		94BF55171AB22A3A00DA5CC0 /* WeMagine */ = {
			isa = PBXNativeTarget;
			buildConfigurationList = 94BF55371AB22A3A00DA5CC0 /* Build configuration list for PBXNativeTarget "WeMagine" */;
			buildPhases = (
				94BF55141AB22A3A00DA5CC0 /* Sources */,
				94BF55151AB22A3A00DA5CC0 /* Frameworks */,
				94BF55161AB22A3A00DA5CC0 /* Resources */,
			);
			buildRules = (
			);
			dependencies = (
			);
			name = WeMagine;
			productName = WeMagine;
			productReference = 94BF55181AB22A3A00DA5CC0 /* WeMagine.app */;
			productType = "com.apple.product-type.application";
		};
		94BF552C1AB22A3A00DA5CC0 /* WeMagineTests */ = {
			isa = PBXNativeTarget;
			buildConfigurationList = 94BF553A1AB22A3A00DA5CC0 /* Build configuration list for PBXNativeTarget "WeMagineTests" */;
			buildPhases = (
				94BF55291AB22A3A00DA5CC0 /* Sources */,
				94BF552A1AB22A3A00DA5CC0 /* Frameworks */,
				94BF552B1AB22A3A00DA5CC0 /* Resources */,
			);
			buildRules = (
			);
			dependencies = (
				94BF552F1AB22A3A00DA5CC0 /* PBXTargetDependency */,
			);
			name = WeMagineTests;
			productName = WeMagineTests;
			productReference = 94BF552D1AB22A3A00DA5CC0 /* WeMagineTests.xctest */;
			productType = "com.apple.product-type.bundle.unit-test";
		};
/* End PBXNativeTarget section */

/* Begin PBXProject section */
		94BF55101AB22A3A00DA5CC0 /* Project object */ = {
			isa = PBXProject;
			attributes = {
				LastUpgradeCheck = 0610;
				ORGANIZATIONNAME = "Victor Souza";
				TargetAttributes = {
					94BF55171AB22A3A00DA5CC0 = {
						CreatedOnToolsVersion = 6.1.1;
					};
					94BF552C1AB22A3A00DA5CC0 = {
						CreatedOnToolsVersion = 6.1.1;
						TestTargetID = 94BF55171AB22A3A00DA5CC0;
					};
				};
			};
			buildConfigurationList = 94BF55131AB22A3A00DA5CC0 /* Build configuration list for PBXProject "WeMagine" */;
			compatibilityVersion = "Xcode 3.2";
			developmentRegion = English;
			hasScannedForEncodings = 0;
			knownRegions = (
				en,
				Base,
			);
			mainGroup = 94BF550F1AB22A3A00DA5CC0;
			productRefGroup = 94BF55191AB22A3A00DA5CC0 /* Products */;
			projectDirPath = "";
			projectRoot = "";
			targets = (
				94BF55171AB22A3A00DA5CC0 /* WeMagine */,
				94BF552C1AB22A3A00DA5CC0 /* WeMagineTests */,
			);
		};
/* End PBXProject section */

/* Begin PBXResourcesBuildPhase section */
		94BF55161AB22A3A00DA5CC0 /* Resources */ = {
			isa = PBXResourcesBuildPhase;
			buildActionMask = 2147483647;
			files = (
				51F5989F1AB89F3700148DEE /* SendButton@2x.png in Resources */,
				51F598B41AB8AE4600148DEE /* SadPressedButton@2x.png in Resources */,
				948382F41AB86C7700204542 /* Logo@3x.png in Resources */,
				948382F01AB86C7700204542 /* LoginButton@2x.png in Resources */,
				948382F31AB86C7700204542 /* Logo@2x.png in Resources */,
				94BF554F1AB2322000DA5CC0 /* HappyCloudButton.png in Resources */,
				94BF554D1AB2322000DA5CC0 /* Cloud@2x.png in Resources */,
				94BF55511AB2322000DA5CC0 /* HappyCloudButton@3x.png in Resources */,
				51F598C41AB8AEDE00148DEE /* NoShadowCloud.png in Resources */,
				94BF55581AB2322000DA5CC0 /* SadCloudButton.png in Resources */,
				511FBC361AB774AE00BFC694 /* LampIcon.png in Resources */,
				94BF55281AB22A3A00DA5CC0 /* LaunchScreen.xib in Resources */,
				94BF554C1AB2322000DA5CC0 /* Cloud.png in Resources */,
				94B369EA1AB78D1800A20AB3 /* CustomCell.xib in Resources */,
				511FBC301AB7741000BFC694 /* MenuIcon.png in Resources */,
				511FBC401AB7833600BFC694 /* HappyCloud@3x.png in Resources */,
				51F598B31AB8AE4600148DEE /* SadPressedButton@3x.png in Resources */,
				94BF554E1AB2322000DA5CC0 /* Cloud@3x.png in Resources */,
				948382F21AB86C7700204542 /* Logo.png in Resources */,
				94BF55501AB2322000DA5CC0 /* HappyCloudButton@2x.png in Resources */,
				51F598C31AB8AEDE00148DEE /* NoShadowCloud@2x.png in Resources */,
				511FBC471AB7834000BFC694 /* BigCloud@2x.png in Resources */,
				51F5989E1AB89F3700148DEE /* SendButton@3x.png in Resources */,
				51F598BE1AB8AE4600148DEE /* HappyPressedButton.png in Resources */,
				511FBC3C1AB7832A00BFC694 /* SadCloud.png in Resources */,
				51F598D11AB8E94F00148DEE /* SendPressedButton@2x.png in Resources */,
				94F4928E1AB7A2550052FAB4 /* BigCloud.xib in Resources */,
				511FBC3B1AB7832A00BFC694 /* SadCloud@2x.png in Resources */,
				511FBC2E1AB7741000BFC694 /* MenuIcon@3x.png in Resources */,
				511FBC461AB7834000BFC694 /* BigCloud@3x.png in Resources */,
				511FBC481AB7834000BFC694 /* BigCloud.png in Resources */,
				51F598BC1AB8AE4600148DEE /* HappyPressedButton@3x.png in Resources */,
				51F598B61AB8AE4600148DEE /* HappyUpCloud2@3x.png in Resources */,
				511FBC2F1AB7741000BFC694 /* MenuIcon@2x.png in Resources */,
				511FBC411AB7833600BFC694 /* HappyCloud@2x.png in Resources */,
				94BF55251AB22A3A00DA5CC0 /* Images.xcassets in Resources */,
				51F598CB1AB8E50E00148DEE /* HappyUpCloud1@2x.png in Resources */,
				511FBC421AB7833600BFC694 /* HappyCloud.png in Resources */,
				51F598C21AB8AEDE00148DEE /* NoShadowCloud@3x.png in Resources */,
				51F598BD1AB8AE4600148DEE /* HappyPressedButton@2x.png in Resources */,
				94BF55591AB2322000DA5CC0 /* SadCloudButton@2x.png in Resources */,
				51F598B51AB8AE4600148DEE /* SadPressedButton.png in Resources */,
				94BF555A1AB2322000DA5CC0 /* SadCloudButton@3x.png in Resources */,
				51F598B81AB8AE4600148DEE /* HappyUpCloud2.png in Resources */,
				511FBC341AB774AE00BFC694 /* LampIcon@3x.png in Resources */,
				51F598CC1AB8E50E00148DEE /* HappyUpCloud1.png in Resources */,
				51F598A01AB89F3700148DEE /* SendButton.png in Resources */,
				511FBC3A1AB7832A00BFC694 /* SadCloud@3x.png in Resources */,
				948382F11AB86C7700204542 /* LoginButton@3x.png in Resources */,
				51F598B71AB8AE4600148DEE /* HappyUpCloud2@2x.png in Resources */,
				948382EF1AB86C7700204542 /* LoginButton.png in Resources */,
				51F598CA1AB8E50E00148DEE /* HappyUpCloud1@3x.png in Resources */,
				51F598D21AB8E94F00148DEE /* SendPressedButton.png in Resources */,
				511FBC351AB774AE00BFC694 /* LampIcon@2x.png in Resources */,
				51F598D01AB8E94F00148DEE /* SendPressedButton@3x.png in Resources */,
			);
			runOnlyForDeploymentPostprocessing = 0;
		};
		94BF552B1AB22A3A00DA5CC0 /* Resources */ = {
			isa = PBXResourcesBuildPhase;
			buildActionMask = 2147483647;
			files = (
			);
			runOnlyForDeploymentPostprocessing = 0;
		};
/* End PBXResourcesBuildPhase section */

/* Begin PBXSourcesBuildPhase section */
		94BF55141AB22A3A00DA5CC0 /* Sources */ = {
			isa = PBXSourcesBuildPhase;
			buildActionMask = 2147483647;
			files = (
				94F4928D1AB7A2550052FAB4 /* BigCloud.swift in Sources */,
				94BF55201AB22A3A00DA5CC0 /* ViewController.swift in Sources */,
				94D7F0921AB613D600D7642E /* MySharedIdeas.swift in Sources */,
				94F4928A1AB7985F0052FAB4 /* CustomCell.swift in Sources */,
				94BF551E1AB22A3A00DA5CC0 /* AppDelegate.swift in Sources */,
				94B1F3411AB32884000E74E4 /* AddIdeaController.swift in Sources */,
				948382E81AB86BD100204542 /* LoginController.swift in Sources */,
			);
			runOnlyForDeploymentPostprocessing = 0;
		};
		94BF55291AB22A3A00DA5CC0 /* Sources */ = {
			isa = PBXSourcesBuildPhase;
			buildActionMask = 2147483647;
			files = (
				94BF55341AB22A3A00DA5CC0 /* WeMagineTests.swift in Sources */,
			);
			runOnlyForDeploymentPostprocessing = 0;
		};
/* End PBXSourcesBuildPhase section */

/* Begin PBXTargetDependency section */
		94BF552F1AB22A3A00DA5CC0 /* PBXTargetDependency */ = {
			isa = PBXTargetDependency;
			target = 94BF55171AB22A3A00DA5CC0 /* WeMagine */;
			targetProxy = 94BF552E1AB22A3A00DA5CC0 /* PBXContainerItemProxy */;
		};
/* End PBXTargetDependency section */

/* Begin PBXVariantGroup section */
		94BF55261AB22A3A00DA5CC0 /* LaunchScreen.xib */ = {
			isa = PBXVariantGroup;
			children = (
				94BF55271AB22A3A00DA5CC0 /* Base */,
			);
			name = LaunchScreen.xib;
			sourceTree = "<group>";
		};
/* End PBXVariantGroup section */

/* Begin XCBuildConfiguration section */
		94BF55351AB22A3A00DA5CC0 /* Debug */ = {
			isa = XCBuildConfiguration;
			buildSettings = {
				ALWAYS_SEARCH_USER_PATHS = NO;
				CLANG_CXX_LANGUAGE_STANDARD = "gnu++0x";
				CLANG_CXX_LIBRARY = "libc++";
				CLANG_ENABLE_MODULES = YES;
				CLANG_ENABLE_OBJC_ARC = YES;
				CLANG_WARN_BOOL_CONVERSION = YES;
				CLANG_WARN_CONSTANT_CONVERSION = YES;
				CLANG_WARN_DIRECT_OBJC_ISA_USAGE = YES_ERROR;
				CLANG_WARN_EMPTY_BODY = YES;
				CLANG_WARN_ENUM_CONVERSION = YES;
				CLANG_WARN_INT_CONVERSION = YES;
				CLANG_WARN_OBJC_ROOT_CLASS = YES_ERROR;
				CLANG_WARN_UNREACHABLE_CODE = YES;
				CLANG_WARN__DUPLICATE_METHOD_MATCH = YES;
				"CODE_SIGN_IDENTITY[sdk=iphoneos*]" = "iPhone Developer";
				COPY_PHASE_STRIP = NO;
				ENABLE_STRICT_OBJC_MSGSEND = YES;
				GCC_C_LANGUAGE_STANDARD = gnu99;
				GCC_DYNAMIC_NO_PIC = NO;
				GCC_OPTIMIZATION_LEVEL = 0;
				GCC_PREPROCESSOR_DEFINITIONS = (
					"DEBUG=1",
					"$(inherited)",
				);
				GCC_SYMBOLS_PRIVATE_EXTERN = NO;
				GCC_WARN_64_TO_32_BIT_CONVERSION = YES;
				GCC_WARN_ABOUT_RETURN_TYPE = YES_ERROR;
				GCC_WARN_UNDECLARED_SELECTOR = YES;
				GCC_WARN_UNINITIALIZED_AUTOS = YES_AGGRESSIVE;
				GCC_WARN_UNUSED_FUNCTION = YES;
				GCC_WARN_UNUSED_VARIABLE = YES;
				IPHONEOS_DEPLOYMENT_TARGET = 8.1;
				MTL_ENABLE_DEBUG_INFO = YES;
				ONLY_ACTIVE_ARCH = YES;
				SDKROOT = iphoneos;
				SWIFT_OPTIMIZATION_LEVEL = "-Onone";
			};
			name = Debug;
		};
		94BF55361AB22A3A00DA5CC0 /* Release */ = {
			isa = XCBuildConfiguration;
			buildSettings = {
				ALWAYS_SEARCH_USER_PATHS = NO;
				CLANG_CXX_LANGUAGE_STANDARD = "gnu++0x";
				CLANG_CXX_LIBRARY = "libc++";
				CLANG_ENABLE_MODULES = YES;
				CLANG_ENABLE_OBJC_ARC = YES;
				CLANG_WARN_BOOL_CONVERSION = YES;
				CLANG_WARN_CONSTANT_CONVERSION = YES;
				CLANG_WARN_DIRECT_OBJC_ISA_USAGE = YES_ERROR;
				CLANG_WARN_EMPTY_BODY = YES;
				CLANG_WARN_ENUM_CONVERSION = YES;
				CLANG_WARN_INT_CONVERSION = YES;
				CLANG_WARN_OBJC_ROOT_CLASS = YES_ERROR;
				CLANG_WARN_UNREACHABLE_CODE = YES;
				CLANG_WARN__DUPLICATE_METHOD_MATCH = YES;
				"CODE_SIGN_IDENTITY[sdk=iphoneos*]" = "iPhone Developer";
				COPY_PHASE_STRIP = YES;
				ENABLE_NS_ASSERTIONS = NO;
				ENABLE_STRICT_OBJC_MSGSEND = YES;
				GCC_C_LANGUAGE_STANDARD = gnu99;
				GCC_WARN_64_TO_32_BIT_CONVERSION = YES;
				GCC_WARN_ABOUT_RETURN_TYPE = YES_ERROR;
				GCC_WARN_UNDECLARED_SELECTOR = YES;
				GCC_WARN_UNINITIALIZED_AUTOS = YES_AGGRESSIVE;
				GCC_WARN_UNUSED_FUNCTION = YES;
				GCC_WARN_UNUSED_VARIABLE = YES;
				IPHONEOS_DEPLOYMENT_TARGET = 8.1;
				MTL_ENABLE_DEBUG_INFO = NO;
				SDKROOT = iphoneos;
				VALIDATE_PRODUCT = YES;
			};
			name = Release;
		};
		94BF55381AB22A3A00DA5CC0 /* Debug */ = {
			isa = XCBuildConfiguration;
			buildSettings = {
				ASSETCATALOG_COMPILER_APPICON_NAME = AppIcon;
				INFOPLIST_FILE = WeMagine/Info.plist;
				LD_RUNPATH_SEARCH_PATHS = "$(inherited) @executable_path/Frameworks";
				PRODUCT_NAME = "$(TARGET_NAME)";
				TARGETED_DEVICE_FAMILY = 1;
			};
			name = Debug;
		};
		94BF55391AB22A3A00DA5CC0 /* Release */ = {
			isa = XCBuildConfiguration;
			buildSettings = {
				ASSETCATALOG_COMPILER_APPICON_NAME = AppIcon;
				INFOPLIST_FILE = WeMagine/Info.plist;
				LD_RUNPATH_SEARCH_PATHS = "$(inherited) @executable_path/Frameworks";
				PRODUCT_NAME = "$(TARGET_NAME)";
				TARGETED_DEVICE_FAMILY = 1;
			};
			name = Release;
		};
		94BF553B1AB22A3A00DA5CC0 /* Debug */ = {
			isa = XCBuildConfiguration;
			buildSettings = {
				BUNDLE_LOADER = "$(TEST_HOST)";
				FRAMEWORK_SEARCH_PATHS = (
					"$(SDKROOT)/Developer/Library/Frameworks",
					"$(inherited)",
				);
				GCC_PREPROCESSOR_DEFINITIONS = (
					"DEBUG=1",
					"$(inherited)",
				);
				INFOPLIST_FILE = WeMagineTests/Info.plist;
				LD_RUNPATH_SEARCH_PATHS = "$(inherited) @executable_path/Frameworks @loader_path/Frameworks";
				PRODUCT_NAME = "$(TARGET_NAME)";
				TEST_HOST = "$(BUILT_PRODUCTS_DIR)/WeMagine.app/WeMagine";
			};
			name = Debug;
		};
		94BF553C1AB22A3A00DA5CC0 /* Release */ = {
			isa = XCBuildConfiguration;
			buildSettings = {
				BUNDLE_LOADER = "$(TEST_HOST)";
				FRAMEWORK_SEARCH_PATHS = (
					"$(SDKROOT)/Developer/Library/Frameworks",
					"$(inherited)",
				);
				INFOPLIST_FILE = WeMagineTests/Info.plist;
				LD_RUNPATH_SEARCH_PATHS = "$(inherited) @executable_path/Frameworks @loader_path/Frameworks";
				PRODUCT_NAME = "$(TARGET_NAME)";
				TEST_HOST = "$(BUILT_PRODUCTS_DIR)/WeMagine.app/WeMagine";
			};
			name = Release;
		};
/* End XCBuildConfiguration section */

/* Begin XCConfigurationList section */
		94BF55131AB22A3A00DA5CC0 /* Build configuration list for PBXProject "WeMagine" */ = {
			isa = XCConfigurationList;
			buildConfigurations = (
				94BF55351AB22A3A00DA5CC0 /* Debug */,
				94BF55361AB22A3A00DA5CC0 /* Release */,
			);
			defaultConfigurationIsVisible = 0;
			defaultConfigurationName = Release;
		};
		94BF55371AB22A3A00DA5CC0 /* Build configuration list for PBXNativeTarget "WeMagine" */ = {
			isa = XCConfigurationList;
			buildConfigurations = (
				94BF55381AB22A3A00DA5CC0 /* Debug */,
				94BF55391AB22A3A00DA5CC0 /* Release */,
			);
			defaultConfigurationIsVisible = 0;
			defaultConfigurationName = Release;
		};
		94BF553A1AB22A3A00DA5CC0 /* Build configuration list for PBXNativeTarget "WeMagineTests" */ = {
			isa = XCConfigurationList;
			buildConfigurations = (
				94BF553B1AB22A3A00DA5CC0 /* Debug */,
				94BF553C1AB22A3A00DA5CC0 /* Release */,
			);
			defaultConfigurationIsVisible = 0;
			defaultConfigurationName = Release;
		};
/* End XCConfigurationList section */
	};
	rootObject = 94BF55101AB22A3A00DA5CC0 /* Project object */;
}
